# This file was autogenerated by Stack.
# You should not edit this file by hand.
# For more information, please see the documentation at:
#   https://docs.haskellstack.org/en/stable/lock_files

packages:
- completed:
    hackage: servant-checked-exceptions-2.1.0.0@sha256:798d86ddf11c9d3089e55994ba9b2b6c21161b5638e29d6530e89b20d24aa89f,3985
    pantry-tree:
      size: 987
      sha256: 0e73b6393bbddf67695d912e467775d076003b793ec61d70325112b5b7e3f122
  original:
    hackage: servant-checked-exceptions-2.1.0.0@sha256:798d86ddf11c9d3089e55994ba9b2b6c21161b5638e29d6530e89b20d24aa89f,3985
- completed:
    hackage: servant-checked-exceptions-core-2.1.0.0@sha256:52fefda2686455269b5a6f81815b8668621b5e9a0ddf5ea1444be50af7a5f263,3194
    pantry-tree:
      size: 1353
      sha256: 6b9e46cb7c81e7d541e271110ef9a3988398f815d64f3b427c20b020a0539429
  original:
    hackage: servant-checked-exceptions-core-2.1.0.0@sha256:52fefda2686455269b5a6f81815b8668621b5e9a0ddf5ea1444be50af7a5f263,3194
- completed:
    hackage: polysemy-1.2.1.0@sha256:5b8cc3befbd10b8b05354a35dc71d24041c0dad15f28c9301f199b00916b69b6,5776
    pantry-tree:
      size: 3622
      sha256: ede1962350f5a77ccdeb0f194bca18b88fc1113dfa22bd3a6d3143851e222c15
  original:
    hackage: polysemy-1.2.1.0@sha256:5b8cc3befbd10b8b05354a35dc71d24041c0dad15f28c9301f199b00916b69b6,5776
- completed:
    hackage: range-0.3.0.2@sha256:4ff8ebd5fd7c6932883024a648ee7bf1d0ac1e379e8d097984cd6a1c5c1206d1,3691
    pantry-tree:
      size: 1014
      sha256: a4a06d7a7c097dd49f49330dc4abb47dbe4c273926b0f95c6880aa4f35cf9d8f
  original:
    hackage: range-0.3.0.2@sha256:4ff8ebd5fd7c6932883024a648ee7bf1d0ac1e379e8d097984cd6a1c5c1206d1,3691
snapshots:
- completed:
    size: 523700
    url: https://raw.githubusercontent.com/commercialhaskell/stackage-snapshots/master/lts/14/7.yaml
    sha256: 8e3f3c894be74d71fa4bf085e0a8baae7e4d7622d07ea31a52736b80f8b9bb1a
  original: lts-14.7
