# This file was autogenerated by Stack.
# You should not edit this file by hand.
# For more information, please see the documentation at:
#   https://docs.haskellstack.org/en/stable/lock_files

packages:
- completed:
    hackage: servant-checked-exceptions-2.1.0.0@sha256:798d86ddf11c9d3089e55994ba9b2b6c21161b5638e29d6530e89b20d24aa89f,3985
    pantry-tree:
      size: 987
      sha256: 0e73b6393bbddf67695d912e467775d076003b793ec61d70325112b5b7e3f122
  original:
    hackage: servant-checked-exceptions-2.1.0.0@sha256:798d86ddf11c9d3089e55994ba9b2b6c21161b5638e29d6530e89b20d24aa89f,3985
- completed:
    hackage: servant-checked-exceptions-core-2.1.0.0@sha256:52fefda2686455269b5a6f81815b8668621b5e9a0ddf5ea1444be50af7a5f263,3194
    pantry-tree:
      size: 1353
      sha256: 6b9e46cb7c81e7d541e271110ef9a3988398f815d64f3b427c20b020a0539429
  original:
    hackage: servant-checked-exceptions-core-2.1.0.0@sha256:52fefda2686455269b5a6f81815b8668621b5e9a0ddf5ea1444be50af7a5f263,3194
- completed:
    hackage: polysemy-0.7.0.0@sha256:e080487a6f923d91fe8363cb901770c38ce96c2011f79cae9c5bc5a2e23eb454,5362
    pantry-tree:
      size: 2985
      sha256: e0662eeb77b93e0a96f3841003602513ab6e06278cb06327a5422dffa7cbb935
  original:
    hackage: polysemy-0.7.0.0
- completed:
    hackage: polysemy-plugin-0.2.2.0@sha256:2116c574077b89e9fce2431dc6f58682f9c3f6c6d151442a7a23b2e542d695d6,2563
    pantry-tree:
      size: 933
      sha256: ad17308233f6f63a5eebcdfb7f4811a5c605af1ddd47929619018bc74b8c552e
  original:
    hackage: polysemy-plugin-0.2.2.0
snapshots:
- completed:
    size: 516734
    url: https://raw.githubusercontent.com/commercialhaskell/stackage-snapshots/master/nightly/2019/7/7.yaml
    sha256: 0157ee1735e130131815039752541d322ff56979c2a827bc63ecd1ce0d8ffcbb
  original: nightly-2019-07-07
