# This file was autogenerated by Stack.
# You should not edit this file by hand.
# For more information, please see the documentation at:
#   https://docs.haskellstack.org/en/stable/lock_files

packages:
- completed:
    hackage: servant-checked-exceptions-2.1.0.0@sha256:798d86ddf11c9d3089e55994ba9b2b6c21161b5638e29d6530e89b20d24aa89f,3985
    pantry-tree:
      size: 987
      sha256: 0e73b6393bbddf67695d912e467775d076003b793ec61d70325112b5b7e3f122
  original:
    hackage: servant-checked-exceptions-2.1.0.0@sha256:798d86ddf11c9d3089e55994ba9b2b6c21161b5638e29d6530e89b20d24aa89f,3985
- completed:
    hackage: servant-checked-exceptions-core-2.1.0.0@sha256:52fefda2686455269b5a6f81815b8668621b5e9a0ddf5ea1444be50af7a5f263,3194
    pantry-tree:
      size: 1353
      sha256: 6b9e46cb7c81e7d541e271110ef9a3988398f815d64f3b427c20b020a0539429
  original:
    hackage: servant-checked-exceptions-core-2.1.0.0@sha256:52fefda2686455269b5a6f81815b8668621b5e9a0ddf5ea1444be50af7a5f263,3194
- completed:
    hackage: polysemy-plugin-0.2.5.2@sha256:649cea55749c38af841e9f3750ccf65be351e597f3085234e28e3491e78d1f78,3155
    pantry-tree:
      size: 1162
      sha256: 20b462f8095a8108ef4d920f0d494ba1299821403ad30169168f4b1968b06c2a
  original:
    hackage: polysemy-plugin-0.2.5.2@sha256:649cea55749c38af841e9f3750ccf65be351e597f3085234e28e3491e78d1f78,3155
snapshots:
- completed:
    size: 532413
    url: https://raw.githubusercontent.com/commercialhaskell/stackage-snapshots/master/lts/16/21.yaml
    sha256: 7b5cac89352fa4a88606dc6cb250aee9291f21e2e988d464065f5aa51f5de33d
  original: lts-16.21
